// !$*UTF8*$!
{
	archiveVersion = 1;
	classes = {
	};
	objectVersion = 46;
	objects = {

/* Begin PBXBuildFile section */
		53B18B661CC47700000BE2CE /* main.m in Sources */ = {isa = PBXBuildFile; fileRef = 53B18B651CC47700000BE2CE /* main.m */; };
		53B18B691CC47700000BE2CE /* AppDelegate.m in Sources */ = {isa = PBXBuildFile; fileRef = 53B18B681CC47700000BE2CE /* AppDelegate.m */; };
		53B18B6C1CC47700000BE2CE /* ViewController.m in Sources */ = {isa = PBXBuildFile; fileRef = 53B18B6B1CC47700000BE2CE /* ViewController.m */; };
		53B18B6F1CC47700000BE2CE /* Main.storyboard in Resources */ = {isa = PBXBuildFile; fileRef = 53B18B6D1CC47700000BE2CE /* Main.storyboard */; };
		53B18B711CC47700000BE2CE /* Assets.xcassets in Resources */ = {isa = PBXBuildFile; fileRef = 53B18B701CC47700000BE2CE /* Assets.xcassets */; };
		53B18B741CC47700000BE2CE /* LaunchScreen.storyboard in Resources */ = {isa = PBXBuildFile; fileRef = 53B18B721CC47700000BE2CE /* LaunchScreen.storyboard */; };
		53B18B7F1CC47700000BE2CE /* helloTests.m in Sources */ = {isa = PBXBuildFile; fileRef = 53B18B7E1CC47700000BE2CE /* helloTests.m */; };
		53B18B8A1CC47700000BE2CE /* helloUITests.m in Sources */ = {isa = PBXBuildFile; fileRef = 53B18B891CC47700000BE2CE /* helloUITests.m */; };
/* End PBXBuildFile section */

/* Begin PBXContainerItemProxy section */
		53B18B7B1CC47700000BE2CE /* PBXContainerItemProxy */ = {
			isa = PBXContainerItemProxy;
			containerPortal = 53B18B591CC47700000BE2CE /* Project object */;
			proxyType = 1;
			remoteGlobalIDString = 53B18B601CC47700000BE2CE;
			remoteInfo = hello;
		};
		53B18B861CC47700000BE2CE /* PBXContainerItemProxy */ = {
			isa = PBXContainerItemProxy;
			containerPortal = 53B18B591CC47700000BE2CE /* Project object */;
			proxyType = 1;
			remoteGlobalIDString = 53B18B601CC47700000BE2CE;
			remoteInfo = hello;
		};
/* End PBXContainerItemProxy section */

/* Begin PBXFileReference section */
		53B18B611CC47700000BE2CE /* hello.app */ = {isa = PBXFileReference; explicitFileType = wrapper.application; includeInIndex = 0; path = hello.app; sourceTree = BUILT_PRODUCTS_DIR; };
		53B18B651CC47700000BE2CE /* main.m */ = {isa = PBXFileReference; lastKnownFileType = sourcecode.c.objc; path = main.m; sourceTree = "<group>"; };
		53B18B671CC47700000BE2CE /* AppDelegate.h */ = {isa = PBXFileReference; lastKnownFileType = sourcecode.c.h; path = AppDelegate.h; sourceTree = "<group>"; };
		53B18B681CC47700000BE2CE /* AppDelegate.m */ = {isa = PBXFileReference; lastKnownFileType = sourcecode.c.objc; path = AppDelegate.m; sourceTree = "<group>"; };
		53B18B6A1CC47700000BE2CE /* ViewController.h */ = {isa = PBXFileReference; lastKnownFileType = sourcecode.c.h; path = ViewController.h; sourceTree = "<group>"; };
		53B18B6B1CC47700000BE2CE /* ViewController.m */ = {isa = PBXFileReference; lastKnownFileType = sourcecode.c.objc; path = ViewController.m; sourceTree = "<group>"; };
		53B18B6E1CC47700000BE2CE /* Base */ = {isa = PBXFileReference; lastKnownFileType = file.storyboard; name = Base; path = Base.lproj/Main.storyboard; sourceTree = "<group>"; };
		53B18B701CC47700000BE2CE /* Assets.xcassets */ = {isa = PBXFileReference; lastKnownFileType = folder.assetcatalog; path = Assets.xcassets; sourceTree = "<group>"; };
		53B18B731CC47700000BE2CE /* Base */ = {isa = PBXFileReference; lastKnownFileType = file.storyboard; name = Base; path = Base.lproj/LaunchScreen.storyboard; sourceTree = "<group>"; };
		53B18B751CC47700000BE2CE /* Info.plist */ = {isa = PBXFileReference; lastKnownFileType = text.plist.xml; path = Info.plist; sourceTree = "<group>"; };
		53B18B7A1CC47700000BE2CE /* helloTests.xctest */ = {isa = PBXFileReference; explicitFileType = wrapper.cfbundle; includeInIndex = 0; path = helloTests.xctest; sourceTree = BUILT_PRODUCTS_DIR; };
		53B18B7E1CC47700000BE2CE /* helloTests.m */ = {isa = PBXFileReference; lastKnownFileType = sourcecode.c.objc; path = helloTests.m; sourceTree = "<group>"; };
		53B18B801CC47700000BE2CE /* Info.plist */ = {isa = PBXFileReference; lastKnownFileType = text.plist.xml; path = Info.plist; sourceTree = "<group>"; };
		53B18B851CC47700000BE2CE /* helloUITests.xctest */ = {isa = PBXFileReference; explicitFileType = wrapper.cfbundle; includeInIndex = 0; path = helloUITests.xctest; sourceTree = BUILT_PRODUCTS_DIR; };
		53B18B891CC47700000BE2CE /* helloUITests.m */ = {isa = PBXFileReference; lastKnownFileType = sourcecode.c.objc; path = helloUITests.m; sourceTree = "<group>"; };
		53B18B8B1CC47700000BE2CE /* Info.plist */ = {isa = PBXFileReference; lastKnownFileType = text.plist.xml; path = Info.plist; sourceTree = "<group>"; };
/* End PBXFileReference section */

/* Begin PBXFrameworksBuildPhase section */
		53B18B5E1CC47700000BE2CE /* Frameworks */ = {
			isa = PBXFrameworksBuildPhase;
			buildActionMask = 2147483647;
			files = (
			);
			runOnlyForDeploymentPostprocessing = 0;
		};
		53B18B771CC47700000BE2CE /* Frameworks */ = {
			isa = PBXFrameworksBuildPhase;
			buildActionMask = 2147483647;
			files = (
			);
			runOnlyForDeploymentPostprocessing = 0;
		};
		53B18B821CC47700000BE2CE /* Frameworks */ = {
			isa = PBXFrameworksBuildPhase;
			buildActionMask = 2147483647;
			files = (
			);
			runOnlyForDeploymentPostprocessing = 0;
		};
/* End PBXFrameworksBuildPhase section */

/* Begin PBXGroup section */
		53B18B581CC47700000BE2CE = {
			isa = PBXGroup;
			children = (
				53B18B631CC47700000BE2CE /* hello */,
				53B18B7D1CC47700000BE2CE /* helloTests */,
				53B18B881CC47700000BE2CE /* helloUITests */,
				53B18B621CC47700000BE2CE /* Products */,
			);
			sourceTree = "<group>";
		};
		53B18B621CC47700000BE2CE /* Products */ = {
			isa = PBXGroup;
			children = (
				53B18B611CC47700000BE2CE /* hello.app */,
				53B18B7A1CC47700000BE2CE /* helloTests.xctest */,
				53B18B851CC47700000BE2CE /* helloUITests.xctest */,
			);
			name = Products;
			sourceTree = "<group>";
		};
		53B18B631CC47700000BE2CE /* hello */ = {
			isa = PBXGroup;
			children = (
				53B18B671CC47700000BE2CE /* AppDelegate.h */,
				53B18B681CC47700000BE2CE /* AppDelegate.m */,
				53B18B6A1CC47700000BE2CE /* ViewController.h */,
				53B18B6B1CC47700000BE2CE /* ViewController.m */,
				53B18B6D1CC47700000BE2CE /* Main.storyboard */,
				53B18B701CC47700000BE2CE /* Assets.xcassets */,
				53B18B721CC47700000BE2CE /* LaunchScreen.storyboard */,
				53B18B751CC47700000BE2CE /* Info.plist */,
				53B18B641CC47700000BE2CE /* Supporting Files */,
			);
			path = hello;
			sourceTree = "<group>";
		};
		53B18B641CC47700000BE2CE /* Supporting Files */ = {
			isa = PBXGroup;
			children = (
				53B18B651CC47700000BE2CE /* main.m */,
			);
			name = "Supporting Files";
			sourceTree = "<group>";
		};
		53B18B7D1CC47700000BE2CE /* helloTests */ = {
			isa = PBXGroup;
			children = (
				53B18B7E1CC47700000BE2CE /* helloTests.m */,
				53B18B801CC47700000BE2CE /* Info.plist */,
			);
			path = helloTests;
			sourceTree = "<group>";
		};
		53B18B881CC47700000BE2CE /* helloUITests */ = {
			isa = PBXGroup;
			children = (
				53B18B891CC47700000BE2CE /* helloUITests.m */,
				53B18B8B1CC47700000BE2CE /* Info.plist */,
			);
			path = helloUITests;
			sourceTree = "<group>";
		};
/* End PBXGroup section */

/* Begin PBXNativeTarget section */
		53B18B601CC47700000BE2CE /* hello */ = {
			isa = PBXNativeTarget;
			buildConfigurationList = 53B18B8E1CC47700000BE2CE /* Build configuration list for PBXNativeTarget "hello" */;
			buildPhases = (
				53B18B5D1CC47700000BE2CE /* Sources */,
				53B18B5E1CC47700000BE2CE /* Frameworks */,
				53B18B5F1CC47700000BE2CE /* Resources */,
			);
			buildRules = (
			);
			dependencies = (
			);
			name = hello;
			productName = hello;
			productReference = 53B18B611CC47700000BE2CE /* hello.app */;
			productType = "com.apple.product-type.application";
		};
		53B18B791CC47700000BE2CE /* helloTests */ = {
			isa = PBXNativeTarget;
			buildConfigurationList = 53B18B911CC47700000BE2CE /* Build configuration list for PBXNativeTarget "helloTests" */;
			buildPhases = (
				53B18B761CC47700000BE2CE /* Sources */,
				53B18B771CC47700000BE2CE /* Frameworks */,
				53B18B781CC47700000BE2CE /* Resources */,
			);
			buildRules = (
			);
			dependencies = (
				53B18B7C1CC47700000BE2CE /* PBXTargetDependency */,
			);
			name = helloTests;
			productName = helloTests;
			productReference = 53B18B7A1CC47700000BE2CE /* helloTests.xctest */;
			productType = "com.apple.product-type.bundle.unit-test";
		};
		53B18B841CC47700000BE2CE /* helloUITests */ = {
			isa = PBXNativeTarget;
			buildConfigurationList = 53B18B941CC47700000BE2CE /* Build configuration list for PBXNativeTarget "helloUITests" */;
			buildPhases = (
				53B18B811CC47700000BE2CE /* Sources */,
				53B18B821CC47700000BE2CE /* Frameworks */,
				53B18B831CC47700000BE2CE /* Resources */,
			);
			buildRules = (
			);
			dependencies = (
				53B18B871CC47700000BE2CE /* PBXTargetDependency */,
			);
			name = helloUITests;
			productName = helloUITests;
			productReference = 53B18B851CC47700000BE2CE /* helloUITests.xctest */;
			productType = "com.apple.product-type.bundle.ui-testing";
		};
/* End PBXNativeTarget section */

/* Begin PBXProject section */
		53B18B591CC47700000BE2CE /* Project object */ = {
			isa = PBXProject;
			attributes = {
				LastUpgradeCheck = 0710;
				ORGANIZATIONNAME = Wira;
				TargetAttributes = {
					53B18B601CC47700000BE2CE = {
						CreatedOnToolsVersion = 7.1.1;
					};
					53B18B791CC47700000BE2CE = {
						CreatedOnToolsVersion = 7.1.1;
						TestTargetID = 53B18B601CC47700000BE2CE;
					};
					53B18B841CC47700000BE2CE = {
						CreatedOnToolsVersion = 7.1.1;
						TestTargetID = 53B18B601CC47700000BE2CE;
					};
				};
			};
			buildConfigurationList = 53B18B5C1CC47700000BE2CE /* Build configuration list for PBXProject "hello" */;
			compatibilityVersion = "Xcode 3.2";
			developmentRegion = English;
			hasScannedForEncodings = 0;
			knownRegions = (
				en,
				Base,
			);
			mainGroup = 53B18B581CC47700000BE2CE;
			productRefGroup = 53B18B621CC47700000BE2CE /* Products */;
			projectDirPath = "";
			projectRoot = "";
			targets = (
				53B18B601CC47700000BE2CE /* hello */,
				53B18B791CC47700000BE2CE /* helloTests */,
				53B18B841CC47700000BE2CE /* helloUITests */,
			);
		};
/* End PBXProject section */

/* Begin PBXResourcesBuildPhase section */
		53B18B5F1CC47700000BE2CE /* Resources */ = {
			isa = PBXResourcesBuildPhase;
			buildActionMask = 2147483647;
			files = (
				53B18B741CC47700000BE2CE /* LaunchScreen.storyboard in Resources */,
				53B18B711CC47700000BE2CE /* Assets.xcassets in Resources */,
				53B18B6F1CC47700000BE2CE /* Main.storyboard in Resources */,
			);
			runOnlyForDeploymentPostprocessing = 0;
		};
		53B18B781CC47700000BE2CE /* Resources */ = {
			isa = PBXResourcesBuildPhase;
			buildActionMask = 2147483647;
			files = (
			);
			runOnlyForDeploymentPostprocessing = 0;
		};
		53B18B831CC47700000BE2CE /* Resources */ = {
			isa = PBXResourcesBuildPhase;
			buildActionMask = 2147483647;
			files = (
			);
			runOnlyForDeploymentPostprocessing = 0;
		};
/* End PBXResourcesBuildPhase section */

/* Begin PBXSourcesBuildPhase section */
		53B18B5D1CC47700000BE2CE /* Sources */ = {
			isa = PBXSourcesBuildPhase;
			buildActionMask = 2147483647;
			files = (
				53B18B6C1CC47700000BE2CE /* ViewController.m in Sources */,
				53B18B691CC47700000BE2CE /* AppDelegate.m in Sources */,
				53B18B661CC47700000BE2CE /* main.m in Sources */,
			);
			runOnlyForDeploymentPostprocessing = 0;
		};
		53B18B761CC47700000BE2CE /* Sources */ = {
			isa = PBXSourcesBuildPhase;
			buildActionMask = 2147483647;
			files = (
				53B18B7F1CC47700000BE2CE /* helloTests.m in Sources */,
			);
			runOnlyForDeploymentPostprocessing = 0;
		};
		53B18B811CC47700000BE2CE /* Sources */ = {
			isa = PBXSourcesBuildPhase;
			buildActionMask = 2147483647;
			files = (
				53B18B8A1CC47700000BE2CE /* helloUITests.m in Sources */,
			);
			runOnlyForDeploymentPostprocessing = 0;
		};
/* End PBXSourcesBuildPhase section */

/* Begin PBXTargetDependency section */
		53B18B7C1CC47700000BE2CE /* PBXTargetDependency */ = {
			isa = PBXTargetDependency;
			target = 53B18B601CC47700000BE2CE /* hello */;
			targetProxy = 53B18B7B1CC47700000BE2CE /* PBXContainerItemProxy */;
		};
		53B18B871CC47700000BE2CE /* PBXTargetDependency */ = {
			isa = PBXTargetDependency;
			target = 53B18B601CC47700000BE2CE /* hello */;
			targetProxy = 53B18B861CC47700000BE2CE /* PBXContainerItemProxy */;
		};
/* End PBXTargetDependency section */

/* Begin PBXVariantGroup section */
		53B18B6D1CC47700000BE2CE /* Main.storyboard */ = {
			isa = PBXVariantGroup;
			children = (
				53B18B6E1CC47700000BE2CE /* Base */,
			);
			name = Main.storyboard;
			sourceTree = "<group>";
		};
		53B18B721CC47700000BE2CE /* LaunchScreen.storyboard */ = {
			isa = PBXVariantGroup;
			children = (
				53B18B731CC47700000BE2CE /* Base */,
			);
			name = LaunchScreen.storyboard;
			sourceTree = "<group>";
		};
/* End PBXVariantGroup section */

/* Begin XCBuildConfiguration section */
		53B18B8C1CC47700000BE2CE /* Debug */ = {
			isa = XCBuildConfiguration;
			buildSettings = {
				ALWAYS_SEARCH_USER_PATHS = NO;
				CLANG_CXX_LANGUAGE_STANDARD = "gnu++0x";
				CLANG_CXX_LIBRARY = "libc++";
				CLANG_ENABLE_MODULES = YES;
				CLANG_ENABLE_OBJC_ARC = YES;
				CLANG_WARN_BOOL_CONVERSION = YES;
				CLANG_WARN_CONSTANT_CONVERSION = YES;
				CLANG_WARN_DIRECT_OBJC_ISA_USAGE = YES_ERROR;
				CLANG_WARN_EMPTY_BODY = YES;
				CLANG_WARN_ENUM_CONVERSION = YES;
				CLANG_WARN_INT_CONVERSION = YES;
				CLANG_WARN_OBJC_ROOT_CLASS = YES_ERROR;
				CLANG_WARN_UNREACHABLE_CODE = YES;
				CLANG_WARN__DUPLICATE_METHOD_MATCH = YES;
				"CODE_SIGN_IDENTITY[sdk=iphoneos*]" = "iPhone Developer";
				COPY_PHASE_STRIP = NO;
				DEBUG_INFORMATION_FORMAT = dwarf;
				ENABLE_STRICT_OBJC_MSGSEND = YES;
				ENABLE_TESTABILITY = YES;
				GCC_C_LANGUAGE_STANDARD = gnu99;
				GCC_DYNAMIC_NO_PIC = NO;
				GCC_NO_COMMON_BLOCKS = YES;
				GCC_OPTIMIZATION_LEVEL = 0;
				GCC_PREPROCESSOR_DEFINITIONS = (
					"DEBUG=1",
					"$(inherited)",
				);
				GCC_WARN_64_TO_32_BIT_CONVERSION = YES;
				GCC_WARN_ABOUT_RETURN_TYPE = YES_ERROR;
				GCC_WARN_UNDECLARED_SELECTOR = YES;
				GCC_WARN_UNINITIALIZED_AUTOS = YES_AGGRESSIVE;
				GCC_WARN_UNUSED_FUNCTION = YES;
				GCC_WARN_UNUSED_VARIABLE = YES;
				IPHONEOS_DEPLOYMENT_TARGET = 9.1;
				MTL_ENABLE_DEBUG_INFO = YES;
				ONLY_ACTIVE_ARCH = YES;
				SDKROOT = iphoneos;
			};
			name = Debug;
		};
		53B18B8D1CC47700000BE2CE /* Release */ = {
			isa = XCBuildConfiguration;
			buildSettings = {
				ALWAYS_SEARCH_USER_PATHS = NO;
				CLANG_CXX_LANGUAGE_STANDARD = "gnu++0x";
				CLANG_CXX_LIBRARY = "libc++";
				CLANG_ENABLE_MODULES = YES;
				CLANG_ENABLE_OBJC_ARC = YES;
				CLANG_WARN_BOOL_CONVERSION = YES;
				CLANG_WARN_CONSTANT_CONVERSION = YES;
				CLANG_WARN_DIRECT_OBJC_ISA_USAGE = YES_ERROR;
				CLANG_WARN_EMPTY_BODY = YES;
				CLANG_WARN_ENUM_CONVERSION = YES;
				CLANG_WARN_INT_CONVERSION = YES;
				CLANG_WARN_OBJC_ROOT_CLASS = YES_ERROR;
				CLANG_WARN_UNREACHABLE_CODE = YES;
				CLANG_WARN__DUPLICATE_METHOD_MATCH = YES;
				"CODE_SIGN_IDENTITY[sdk=iphoneos*]" = "iPhone Developer";
				COPY_PHASE_STRIP = NO;
				DEBUG_INFORMATION_FORMAT = "dwarf-with-dsym";
				ENABLE_NS_ASSERTIONS = NO;
				ENABLE_STRICT_OBJC_MSGSEND = YES;
				GCC_C_LANGUAGE_STANDARD = gnu99;
				GCC_NO_COMMON_BLOCKS = YES;
				GCC_WARN_64_TO_32_BIT_CONVERSION = YES;
				GCC_WARN_ABOUT_RETURN_TYPE = YES_ERROR;
				GCC_WARN_UNDECLARED_SELECTOR = YES;
				GCC_WARN_UNINITIALIZED_AUTOS = YES_AGGRESSIVE;
				GCC_WARN_UNUSED_FUNCTION = YES;
				GCC_WARN_UNUSED_VARIABLE = YES;
				IPHONEOS_DEPLOYMENT_TARGET = 9.1;
				MTL_ENABLE_DEBUG_INFO = NO;
				SDKROOT = iphoneos;
				VALIDATE_PRODUCT = YES;
			};
			name = Release;
		};
		53B18B8F1CC47700000BE2CE /* Debug */ = {
			isa = XCBuildConfiguration;
			buildSettings = {
				ASSETCATALOG_COMPILER_APPICON_NAME = AppIcon;
				INFOPLIST_FILE = hello/Info.plist;
				LD_RUNPATH_SEARCH_PATHS = "$(inherited) @executable_path/Frameworks";
				PRODUCT_BUNDLE_IDENTIFIER = com.wirasetiawan.hello;
				PRODUCT_NAME = "$(TARGET_NAME)";
			};
			name = Debug;
		};
		53B18B901CC47700000BE2CE /* Release */ = {
			isa = XCBuildConfiguration;
			buildSettings = {
				ASSETCATALOG_COMPILER_APPICON_NAME = AppIcon;
				INFOPLIST_FILE = hello/Info.plist;
				LD_RUNPATH_SEARCH_PATHS = "$(inherited) @executable_path/Frameworks";
				PRODUCT_BUNDLE_IDENTIFIER = com.wirasetiawan.hello;
				PRODUCT_NAME = "$(TARGET_NAME)";
			};
			name = Release;
		};
		53B18B921CC47700000BE2CE /* Debug */ = {
			isa = XCBuildConfiguration;
			buildSettings = {
				BUNDLE_LOADER = "$(TEST_HOST)";
				INFOPLIST_FILE = helloTests/Info.plist;
				LD_RUNPATH_SEARCH_PATHS = "$(inherited) @executable_path/Frameworks @loader_path/Frameworks";
				PRODUCT_BUNDLE_IDENTIFIER = com.wirasetiawan.helloTests;
				PRODUCT_NAME = "$(TARGET_NAME)";
				TEST_HOST = "$(BUILT_PRODUCTS_DIR)/hello.app/hello";
			};
			name = Debug;
		};
		53B18B931CC47700000BE2CE /* Release */ = {
			isa = XCBuildConfiguration;
			buildSettings = {
				BUNDLE_LOADER = "$(TEST_HOST)";
				INFOPLIST_FILE = helloTests/Info.plist;
				LD_RUNPATH_SEARCH_PATHS = "$(inherited) @executable_path/Frameworks @loader_path/Frameworks";
				PRODUCT_BUNDLE_IDENTIFIER = com.wirasetiawan.helloTests;
				PRODUCT_NAME = "$(TARGET_NAME)";
				TEST_HOST = "$(BUILT_PRODUCTS_DIR)/hello.app/hello";
			};
			name = Release;
		};
		53B18B951CC47700000BE2CE /* Debug */ = {
			isa = XCBuildConfiguration;
			buildSettings = {
				INFOPLIST_FILE = helloUITests/Info.plist;
				LD_RUNPATH_SEARCH_PATHS = "$(inherited) @executable_path/Frameworks @loader_path/Frameworks";
				PRODUCT_BUNDLE_IDENTIFIER = com.wirasetiawan.helloUITests;
				PRODUCT_NAME = "$(TARGET_NAME)";
				TEST_TARGET_NAME = hello;
				USES_XCTRUNNER = YES;
			};
			name = Debug;
		};
		53B18B961CC47700000BE2CE /* Release */ = {
			isa = XCBuildConfiguration;
			buildSettings = {
				INFOPLIST_FILE = helloUITests/Info.plist;
				LD_RUNPATH_SEARCH_PATHS = "$(inherited) @executable_path/Frameworks @loader_path/Frameworks";
				PRODUCT_BUNDLE_IDENTIFIER = com.wirasetiawan.helloUITests;
				PRODUCT_NAME = "$(TARGET_NAME)";
				TEST_TARGET_NAME = hello;
				USES_XCTRUNNER = YES;
			};
			name = Release;
		};
/* End XCBuildConfiguration section */

/* Begin XCConfigurationList section */
		53B18B5C1CC47700000BE2CE /* Build configuration list for PBXProject "hello" */ = {
			isa = XCConfigurationList;
			buildConfigurations = (
				53B18B8C1CC47700000BE2CE /* Debug */,
				53B18B8D1CC47700000BE2CE /* Release */,
			);
			defaultConfigurationIsVisible = 0;
			defaultConfigurationName = Release;
		};
		53B18B8E1CC47700000BE2CE /* Build configuration list for PBXNativeTarget "hello" */ = {
			isa = XCConfigurationList;
			buildConfigurations = (
				53B18B8F1CC47700000BE2CE /* Debug */,
				53B18B901CC47700000BE2CE /* Release */,
			);
			defaultConfigurationIsVisible = 0;
		};
		53B18B911CC47700000BE2CE /* Build configuration list for PBXNativeTarget "helloTests" */ = {
			isa = XCConfigurationList;
			buildConfigurations = (
				53B18B921CC47700000BE2CE /* Debug */,
				53B18B931CC47700000BE2CE /* Release */,
			);
			defaultConfigurationIsVisible = 0;
		};
		53B18B941CC47700000BE2CE /* Build configuration list for PBXNativeTarget "helloUITests" */ = {
			isa = XCConfigurationList;
			buildConfigurations = (
				53B18B951CC47700000BE2CE /* Debug */,
				53B18B961CC47700000BE2CE /* Release */,
			);
			defaultConfigurationIsVisible = 0;
		};
/* End XCConfigurationList section */
	};
	rootObject = 53B18B591CC47700000BE2CE /* Project object */;
}
