// !$*UTF8*$!
{
	archiveVersion = 1;
	classes = {
	};
	objectVersion = 46;
	objects = {

/* Begin PBXBuildFile section */
		53A3C8FA1DAB756A0072B05E /* AppDelegate.swift in Sources */ = {isa = PBXBuildFile; fileRef = 53A3C8F91DAB756A0072B05E /* AppDelegate.swift */; };
		53A3C8FC1DAB756A0072B05E /* ViewController.swift in Sources */ = {isa = PBXBuildFile; fileRef = 53A3C8FB1DAB756A0072B05E /* ViewController.swift */; };
		53A3C8FF1DAB756A0072B05E /* Main.storyboard in Resources */ = {isa = PBXBuildFile; fileRef = 53A3C8FD1DAB756A0072B05E /* Main.storyboard */; };
		53A3C9011DAB756A0072B05E /* Assets.xcassets in Resources */ = {isa = PBXBuildFile; fileRef = 53A3C9001DAB756A0072B05E /* Assets.xcassets */; };
		53A3C9041DAB756A0072B05E /* LaunchScreen.storyboard in Resources */ = {isa = PBXBuildFile; fileRef = 53A3C9021DAB756A0072B05E /* LaunchScreen.storyboard */; };
		53A3C90F1DAB756A0072B05E /* LBWebPdfViewerTests.swift in Sources */ = {isa = PBXBuildFile; fileRef = 53A3C90E1DAB756A0072B05E /* LBWebPdfViewerTests.swift */; };
		53A3C91A1DAB756A0072B05E /* LBWebPdfViewerUITests.swift in Sources */ = {isa = PBXBuildFile; fileRef = 53A3C9191DAB756A0072B05E /* LBWebPdfViewerUITests.swift */; };
		53A3C9281DAB76370072B05E /* Dropbox.pdf in Resources */ = {isa = PBXBuildFile; fileRef = 53A3C9271DAB76370072B05E /* Dropbox.pdf */; };
/* End PBXBuildFile section */

/* Begin PBXContainerItemProxy section */
		53A3C90B1DAB756A0072B05E /* PBXContainerItemProxy */ = {
			isa = PBXContainerItemProxy;
			containerPortal = 53A3C8EE1DAB756A0072B05E /* Project object */;
			proxyType = 1;
			remoteGlobalIDString = 53A3C8F51DAB756A0072B05E;
			remoteInfo = LBWebPdfViewer;
		};
		53A3C9161DAB756A0072B05E /* PBXContainerItemProxy */ = {
			isa = PBXContainerItemProxy;
			containerPortal = 53A3C8EE1DAB756A0072B05E /* Project object */;
			proxyType = 1;
			remoteGlobalIDString = 53A3C8F51DAB756A0072B05E;
			remoteInfo = LBWebPdfViewer;
		};
/* End PBXContainerItemProxy section */

/* Begin PBXFileReference section */
		53A3C8F61DAB756A0072B05E /* LBWebPdfViewer.app */ = {isa = PBXFileReference; explicitFileType = wrapper.application; includeInIndex = 0; path = LBWebPdfViewer.app; sourceTree = BUILT_PRODUCTS_DIR; };
		53A3C8F91DAB756A0072B05E /* AppDelegate.swift */ = {isa = PBXFileReference; lastKnownFileType = sourcecode.swift; path = AppDelegate.swift; sourceTree = "<group>"; };
		53A3C8FB1DAB756A0072B05E /* ViewController.swift */ = {isa = PBXFileReference; lastKnownFileType = sourcecode.swift; path = ViewController.swift; sourceTree = "<group>"; };
		53A3C8FE1DAB756A0072B05E /* Base */ = {isa = PBXFileReference; lastKnownFileType = file.storyboard; name = Base; path = Base.lproj/Main.storyboard; sourceTree = "<group>"; };
		53A3C9001DAB756A0072B05E /* Assets.xcassets */ = {isa = PBXFileReference; lastKnownFileType = folder.assetcatalog; path = Assets.xcassets; sourceTree = "<group>"; };
		53A3C9031DAB756A0072B05E /* Base */ = {isa = PBXFileReference; lastKnownFileType = file.storyboard; name = Base; path = Base.lproj/LaunchScreen.storyboard; sourceTree = "<group>"; };
		53A3C9051DAB756A0072B05E /* Info.plist */ = {isa = PBXFileReference; lastKnownFileType = text.plist.xml; path = Info.plist; sourceTree = "<group>"; };
		53A3C90A1DAB756A0072B05E /* LBWebPdfViewerTests.xctest */ = {isa = PBXFileReference; explicitFileType = wrapper.cfbundle; includeInIndex = 0; path = LBWebPdfViewerTests.xctest; sourceTree = BUILT_PRODUCTS_DIR; };
		53A3C90E1DAB756A0072B05E /* LBWebPdfViewerTests.swift */ = {isa = PBXFileReference; lastKnownFileType = sourcecode.swift; path = LBWebPdfViewerTests.swift; sourceTree = "<group>"; };
		53A3C9101DAB756A0072B05E /* Info.plist */ = {isa = PBXFileReference; lastKnownFileType = text.plist.xml; path = Info.plist; sourceTree = "<group>"; };
		53A3C9151DAB756A0072B05E /* LBWebPdfViewerUITests.xctest */ = {isa = PBXFileReference; explicitFileType = wrapper.cfbundle; includeInIndex = 0; path = LBWebPdfViewerUITests.xctest; sourceTree = BUILT_PRODUCTS_DIR; };
		53A3C9191DAB756A0072B05E /* LBWebPdfViewerUITests.swift */ = {isa = PBXFileReference; lastKnownFileType = sourcecode.swift; path = LBWebPdfViewerUITests.swift; sourceTree = "<group>"; };
		53A3C91B1DAB756A0072B05E /* Info.plist */ = {isa = PBXFileReference; lastKnownFileType = text.plist.xml; path = Info.plist; sourceTree = "<group>"; };
		53A3C9271DAB76370072B05E /* Dropbox.pdf */ = {isa = PBXFileReference; lastKnownFileType = image.pdf; path = Dropbox.pdf; sourceTree = "<group>"; };
/* End PBXFileReference section */

/* Begin PBXFrameworksBuildPhase section */
		53A3C8F31DAB756A0072B05E /* Frameworks */ = {
			isa = PBXFrameworksBuildPhase;
			buildActionMask = 2147483647;
			files = (
			);
			runOnlyForDeploymentPostprocessing = 0;
		};
		53A3C9071DAB756A0072B05E /* Frameworks */ = {
			isa = PBXFrameworksBuildPhase;
			buildActionMask = 2147483647;
			files = (
			);
			runOnlyForDeploymentPostprocessing = 0;
		};
		53A3C9121DAB756A0072B05E /* Frameworks */ = {
			isa = PBXFrameworksBuildPhase;
			buildActionMask = 2147483647;
			files = (
			);
			runOnlyForDeploymentPostprocessing = 0;
		};
/* End PBXFrameworksBuildPhase section */

/* Begin PBXGroup section */
		53A3C8ED1DAB756A0072B05E = {
			isa = PBXGroup;
			children = (
				53A3C8F81DAB756A0072B05E /* LBWebPdfViewer */,
				53A3C90D1DAB756A0072B05E /* LBWebPdfViewerTests */,
				53A3C9181DAB756A0072B05E /* LBWebPdfViewerUITests */,
				53A3C8F71DAB756A0072B05E /* Products */,
			);
			sourceTree = "<group>";
		};
		53A3C8F71DAB756A0072B05E /* Products */ = {
			isa = PBXGroup;
			children = (
				53A3C8F61DAB756A0072B05E /* LBWebPdfViewer.app */,
				53A3C90A1DAB756A0072B05E /* LBWebPdfViewerTests.xctest */,
				53A3C9151DAB756A0072B05E /* LBWebPdfViewerUITests.xctest */,
			);
			name = Products;
			sourceTree = "<group>";
		};
		53A3C8F81DAB756A0072B05E /* LBWebPdfViewer */ = {
			isa = PBXGroup;
			children = (
				53A3C9271DAB76370072B05E /* Dropbox.pdf */,
				53A3C8F91DAB756A0072B05E /* AppDelegate.swift */,
				53A3C8FB1DAB756A0072B05E /* ViewController.swift */,
				53A3C8FD1DAB756A0072B05E /* Main.storyboard */,
				53A3C9001DAB756A0072B05E /* Assets.xcassets */,
				53A3C9021DAB756A0072B05E /* LaunchScreen.storyboard */,
				53A3C9051DAB756A0072B05E /* Info.plist */,
			);
			path = LBWebPdfViewer;
			sourceTree = "<group>";
		};
		53A3C90D1DAB756A0072B05E /* LBWebPdfViewerTests */ = {
			isa = PBXGroup;
			children = (
				53A3C90E1DAB756A0072B05E /* LBWebPdfViewerTests.swift */,
				53A3C9101DAB756A0072B05E /* Info.plist */,
			);
			path = LBWebPdfViewerTests;
			sourceTree = "<group>";
		};
		53A3C9181DAB756A0072B05E /* LBWebPdfViewerUITests */ = {
			isa = PBXGroup;
			children = (
				53A3C9191DAB756A0072B05E /* LBWebPdfViewerUITests.swift */,
				53A3C91B1DAB756A0072B05E /* Info.plist */,
			);
			path = LBWebPdfViewerUITests;
			sourceTree = "<group>";
		};
/* End PBXGroup section */

/* Begin PBXNativeTarget section */
		53A3C8F51DAB756A0072B05E /* LBWebPdfViewer */ = {
			isa = PBXNativeTarget;
			buildConfigurationList = 53A3C91E1DAB756A0072B05E /* Build configuration list for PBXNativeTarget "LBWebPdfViewer" */;
			buildPhases = (
				53A3C8F21DAB756A0072B05E /* Sources */,
				53A3C8F31DAB756A0072B05E /* Frameworks */,
				53A3C8F41DAB756A0072B05E /* Resources */,
			);
			buildRules = (
			);
			dependencies = (
			);
			name = LBWebPdfViewer;
			productName = LBWebPdfViewer;
			productReference = 53A3C8F61DAB756A0072B05E /* LBWebPdfViewer.app */;
			productType = "com.apple.product-type.application";
		};
		53A3C9091DAB756A0072B05E /* LBWebPdfViewerTests */ = {
			isa = PBXNativeTarget;
			buildConfigurationList = 53A3C9211DAB756A0072B05E /* Build configuration list for PBXNativeTarget "LBWebPdfViewerTests" */;
			buildPhases = (
				53A3C9061DAB756A0072B05E /* Sources */,
				53A3C9071DAB756A0072B05E /* Frameworks */,
				53A3C9081DAB756A0072B05E /* Resources */,
			);
			buildRules = (
			);
			dependencies = (
				53A3C90C1DAB756A0072B05E /* PBXTargetDependency */,
			);
			name = LBWebPdfViewerTests;
			productName = LBWebPdfViewerTests;
			productReference = 53A3C90A1DAB756A0072B05E /* LBWebPdfViewerTests.xctest */;
			productType = "com.apple.product-type.bundle.unit-test";
		};
		53A3C9141DAB756A0072B05E /* LBWebPdfViewerUITests */ = {
			isa = PBXNativeTarget;
			buildConfigurationList = 53A3C9241DAB756A0072B05E /* Build configuration list for PBXNativeTarget "LBWebPdfViewerUITests" */;
			buildPhases = (
				53A3C9111DAB756A0072B05E /* Sources */,
				53A3C9121DAB756A0072B05E /* Frameworks */,
				53A3C9131DAB756A0072B05E /* Resources */,
			);
			buildRules = (
			);
			dependencies = (
				53A3C9171DAB756A0072B05E /* PBXTargetDependency */,
			);
			name = LBWebPdfViewerUITests;
			productName = LBWebPdfViewerUITests;
			productReference = 53A3C9151DAB756A0072B05E /* LBWebPdfViewerUITests.xctest */;
			productType = "com.apple.product-type.bundle.ui-testing";
		};
/* End PBXNativeTarget section */

/* Begin PBXProject section */
		53A3C8EE1DAB756A0072B05E /* Project object */ = {
			isa = PBXProject;
			attributes = {
				LastSwiftUpdateCheck = 0730;
				LastUpgradeCheck = 0730;
				ORGANIZATIONNAME = Wira;
				TargetAttributes = {
					53A3C8F51DAB756A0072B05E = {
						CreatedOnToolsVersion = 7.3.1;
						DevelopmentTeam = V8T9QUN6LP;
					};
					53A3C9091DAB756A0072B05E = {
						CreatedOnToolsVersion = 7.3.1;
						DevelopmentTeam = V8T9QUN6LP;
						TestTargetID = 53A3C8F51DAB756A0072B05E;
					};
					53A3C9141DAB756A0072B05E = {
						CreatedOnToolsVersion = 7.3.1;
						DevelopmentTeam = V8T9QUN6LP;
						TestTargetID = 53A3C8F51DAB756A0072B05E;
					};
				};
			};
			buildConfigurationList = 53A3C8F11DAB756A0072B05E /* Build configuration list for PBXProject "LBWebPdfViewer" */;
			compatibilityVersion = "Xcode 3.2";
			developmentRegion = English;
			hasScannedForEncodings = 0;
			knownRegions = (
				en,
				Base,
			);
			mainGroup = 53A3C8ED1DAB756A0072B05E;
			productRefGroup = 53A3C8F71DAB756A0072B05E /* Products */;
			projectDirPath = "";
			projectRoot = "";
			targets = (
				53A3C8F51DAB756A0072B05E /* LBWebPdfViewer */,
				53A3C9091DAB756A0072B05E /* LBWebPdfViewerTests */,
				53A3C9141DAB756A0072B05E /* LBWebPdfViewerUITests */,
			);
		};
/* End PBXProject section */

/* Begin PBXResourcesBuildPhase section */
		53A3C8F41DAB756A0072B05E /* Resources */ = {
			isa = PBXResourcesBuildPhase;
			buildActionMask = 2147483647;
			files = (
				53A3C9041DAB756A0072B05E /* LaunchScreen.storyboard in Resources */,
				53A3C9281DAB76370072B05E /* Dropbox.pdf in Resources */,
				53A3C9011DAB756A0072B05E /* Assets.xcassets in Resources */,
				53A3C8FF1DAB756A0072B05E /* Main.storyboard in Resources */,
			);
			runOnlyForDeploymentPostprocessing = 0;
		};
		53A3C9081DAB756A0072B05E /* Resources */ = {
			isa = PBXResourcesBuildPhase;
			buildActionMask = 2147483647;
			files = (
			);
			runOnlyForDeploymentPostprocessing = 0;
		};
		53A3C9131DAB756A0072B05E /* Resources */ = {
			isa = PBXResourcesBuildPhase;
			buildActionMask = 2147483647;
			files = (
			);
			runOnlyForDeploymentPostprocessing = 0;
		};
/* End PBXResourcesBuildPhase section */

/* Begin PBXSourcesBuildPhase section */
		53A3C8F21DAB756A0072B05E /* Sources */ = {
			isa = PBXSourcesBuildPhase;
			buildActionMask = 2147483647;
			files = (
				53A3C8FC1DAB756A0072B05E /* ViewController.swift in Sources */,
				53A3C8FA1DAB756A0072B05E /* AppDelegate.swift in Sources */,
			);
			runOnlyForDeploymentPostprocessing = 0;
		};
		53A3C9061DAB756A0072B05E /* Sources */ = {
			isa = PBXSourcesBuildPhase;
			buildActionMask = 2147483647;
			files = (
				53A3C90F1DAB756A0072B05E /* LBWebPdfViewerTests.swift in Sources */,
			);
			runOnlyForDeploymentPostprocessing = 0;
		};
		53A3C9111DAB756A0072B05E /* Sources */ = {
			isa = PBXSourcesBuildPhase;
			buildActionMask = 2147483647;
			files = (
				53A3C91A1DAB756A0072B05E /* LBWebPdfViewerUITests.swift in Sources */,
			);
			runOnlyForDeploymentPostprocessing = 0;
		};
/* End PBXSourcesBuildPhase section */

/* Begin PBXTargetDependency section */
		53A3C90C1DAB756A0072B05E /* PBXTargetDependency */ = {
			isa = PBXTargetDependency;
			target = 53A3C8F51DAB756A0072B05E /* LBWebPdfViewer */;
			targetProxy = 53A3C90B1DAB756A0072B05E /* PBXContainerItemProxy */;
		};
		53A3C9171DAB756A0072B05E /* PBXTargetDependency */ = {
			isa = PBXTargetDependency;
			target = 53A3C8F51DAB756A0072B05E /* LBWebPdfViewer */;
			targetProxy = 53A3C9161DAB756A0072B05E /* PBXContainerItemProxy */;
		};
/* End PBXTargetDependency section */

/* Begin PBXVariantGroup section */
		53A3C8FD1DAB756A0072B05E /* Main.storyboard */ = {
			isa = PBXVariantGroup;
			children = (
				53A3C8FE1DAB756A0072B05E /* Base */,
			);
			name = Main.storyboard;
			sourceTree = "<group>";
		};
		53A3C9021DAB756A0072B05E /* LaunchScreen.storyboard */ = {
			isa = PBXVariantGroup;
			children = (
				53A3C9031DAB756A0072B05E /* Base */,
			);
			name = LaunchScreen.storyboard;
			sourceTree = "<group>";
		};
/* End PBXVariantGroup section */

/* Begin XCBuildConfiguration section */
		53A3C91C1DAB756A0072B05E /* Debug */ = {
			isa = XCBuildConfiguration;
			buildSettings = {
				ALWAYS_SEARCH_USER_PATHS = NO;
				CLANG_ANALYZER_NONNULL = YES;
				CLANG_CXX_LANGUAGE_STANDARD = "gnu++0x";
				CLANG_CXX_LIBRARY = "libc++";
				CLANG_ENABLE_MODULES = YES;
				CLANG_ENABLE_OBJC_ARC = YES;
				CLANG_WARN_BOOL_CONVERSION = YES;
				CLANG_WARN_CONSTANT_CONVERSION = YES;
				CLANG_WARN_DIRECT_OBJC_ISA_USAGE = YES_ERROR;
				CLANG_WARN_EMPTY_BODY = YES;
				CLANG_WARN_ENUM_CONVERSION = YES;
				CLANG_WARN_INT_CONVERSION = YES;
				CLANG_WARN_OBJC_ROOT_CLASS = YES_ERROR;
				CLANG_WARN_UNREACHABLE_CODE = YES;
				CLANG_WARN__DUPLICATE_METHOD_MATCH = YES;
				"CODE_SIGN_IDENTITY[sdk=iphoneos*]" = "iPhone Developer";
				COPY_PHASE_STRIP = NO;
				DEBUG_INFORMATION_FORMAT = dwarf;
				ENABLE_STRICT_OBJC_MSGSEND = YES;
				ENABLE_TESTABILITY = YES;
				GCC_C_LANGUAGE_STANDARD = gnu99;
				GCC_DYNAMIC_NO_PIC = NO;
				GCC_NO_COMMON_BLOCKS = YES;
				GCC_OPTIMIZATION_LEVEL = 0;
				GCC_PREPROCESSOR_DEFINITIONS = (
					"DEBUG=1",
					"$(inherited)",
				);
				GCC_WARN_64_TO_32_BIT_CONVERSION = YES;
				GCC_WARN_ABOUT_RETURN_TYPE = YES_ERROR;
				GCC_WARN_UNDECLARED_SELECTOR = YES;
				GCC_WARN_UNINITIALIZED_AUTOS = YES_AGGRESSIVE;
				GCC_WARN_UNUSED_FUNCTION = YES;
				GCC_WARN_UNUSED_VARIABLE = YES;
				IPHONEOS_DEPLOYMENT_TARGET = 9.3;
				MTL_ENABLE_DEBUG_INFO = YES;
				ONLY_ACTIVE_ARCH = YES;
				SDKROOT = iphoneos;
				SWIFT_OPTIMIZATION_LEVEL = "-Onone";
			};
			name = Debug;
		};
		53A3C91D1DAB756A0072B05E /* Release */ = {
			isa = XCBuildConfiguration;
			buildSettings = {
				ALWAYS_SEARCH_USER_PATHS = NO;
				CLANG_ANALYZER_NONNULL = YES;
				CLANG_CXX_LANGUAGE_STANDARD = "gnu++0x";
				CLANG_CXX_LIBRARY = "libc++";
				CLANG_ENABLE_MODULES = YES;
				CLANG_ENABLE_OBJC_ARC = YES;
				CLANG_WARN_BOOL_CONVERSION = YES;
				CLANG_WARN_CONSTANT_CONVERSION = YES;
				CLANG_WARN_DIRECT_OBJC_ISA_USAGE = YES_ERROR;
				CLANG_WARN_EMPTY_BODY = YES;
				CLANG_WARN_ENUM_CONVERSION = YES;
				CLANG_WARN_INT_CONVERSION = YES;
				CLANG_WARN_OBJC_ROOT_CLASS = YES_ERROR;
				CLANG_WARN_UNREACHABLE_CODE = YES;
				CLANG_WARN__DUPLICATE_METHOD_MATCH = YES;
				"CODE_SIGN_IDENTITY[sdk=iphoneos*]" = "iPhone Developer";
				COPY_PHASE_STRIP = NO;
				DEBUG_INFORMATION_FORMAT = "dwarf-with-dsym";
				ENABLE_NS_ASSERTIONS = NO;
				ENABLE_STRICT_OBJC_MSGSEND = YES;
				GCC_C_LANGUAGE_STANDARD = gnu99;
				GCC_NO_COMMON_BLOCKS = YES;
				GCC_WARN_64_TO_32_BIT_CONVERSION = YES;
				GCC_WARN_ABOUT_RETURN_TYPE = YES_ERROR;
				GCC_WARN_UNDECLARED_SELECTOR = YES;
				GCC_WARN_UNINITIALIZED_AUTOS = YES_AGGRESSIVE;
				GCC_WARN_UNUSED_FUNCTION = YES;
				GCC_WARN_UNUSED_VARIABLE = YES;
				IPHONEOS_DEPLOYMENT_TARGET = 9.3;
				MTL_ENABLE_DEBUG_INFO = NO;
				SDKROOT = iphoneos;
				VALIDATE_PRODUCT = YES;
			};
			name = Release;
		};
		53A3C91F1DAB756A0072B05E /* Debug */ = {
			isa = XCBuildConfiguration;
			buildSettings = {
				ASSETCATALOG_COMPILER_APPICON_NAME = AppIcon;
				INFOPLIST_FILE = LBWebPdfViewer/Info.plist;
				LD_RUNPATH_SEARCH_PATHS = "$(inherited) @executable_path/Frameworks";
				PRODUCT_BUNDLE_IDENTIFIER = com.wirasetiawan29.LBWebPdfViewer;
				PRODUCT_NAME = "$(TARGET_NAME)";
			};
			name = Debug;
		};
		53A3C9201DAB756A0072B05E /* Release */ = {
			isa = XCBuildConfiguration;
			buildSettings = {
				ASSETCATALOG_COMPILER_APPICON_NAME = AppIcon;
				INFOPLIST_FILE = LBWebPdfViewer/Info.plist;
				LD_RUNPATH_SEARCH_PATHS = "$(inherited) @executable_path/Frameworks";
				PRODUCT_BUNDLE_IDENTIFIER = com.wirasetiawan29.LBWebPdfViewer;
				PRODUCT_NAME = "$(TARGET_NAME)";
			};
			name = Release;
		};
		53A3C9221DAB756A0072B05E /* Debug */ = {
			isa = XCBuildConfiguration;
			buildSettings = {
				BUNDLE_LOADER = "$(TEST_HOST)";
				INFOPLIST_FILE = LBWebPdfViewerTests/Info.plist;
				LD_RUNPATH_SEARCH_PATHS = "$(inherited) @executable_path/Frameworks @loader_path/Frameworks";
				PRODUCT_BUNDLE_IDENTIFIER = com.wirasetiawan29.LBWebPdfViewerTests;
				PRODUCT_NAME = "$(TARGET_NAME)";
				TEST_HOST = "$(BUILT_PRODUCTS_DIR)/LBWebPdfViewer.app/LBWebPdfViewer";
			};
			name = Debug;
		};
		53A3C9231DAB756A0072B05E /* Release */ = {
			isa = XCBuildConfiguration;
			buildSettings = {
				BUNDLE_LOADER = "$(TEST_HOST)";
				INFOPLIST_FILE = LBWebPdfViewerTests/Info.plist;
				LD_RUNPATH_SEARCH_PATHS = "$(inherited) @executable_path/Frameworks @loader_path/Frameworks";
				PRODUCT_BUNDLE_IDENTIFIER = com.wirasetiawan29.LBWebPdfViewerTests;
				PRODUCT_NAME = "$(TARGET_NAME)";
				TEST_HOST = "$(BUILT_PRODUCTS_DIR)/LBWebPdfViewer.app/LBWebPdfViewer";
			};
			name = Release;
		};
		53A3C9251DAB756A0072B05E /* Debug */ = {
			isa = XCBuildConfiguration;
			buildSettings = {
				INFOPLIST_FILE = LBWebPdfViewerUITests/Info.plist;
				LD_RUNPATH_SEARCH_PATHS = "$(inherited) @executable_path/Frameworks @loader_path/Frameworks";
				PRODUCT_BUNDLE_IDENTIFIER = com.wirasetiawan29.LBWebPdfViewerUITests;
				PRODUCT_NAME = "$(TARGET_NAME)";
				TEST_TARGET_NAME = LBWebPdfViewer;
			};
			name = Debug;
		};
		53A3C9261DAB756A0072B05E /* Release */ = {
			isa = XCBuildConfiguration;
			buildSettings = {
				INFOPLIST_FILE = LBWebPdfViewerUITests/Info.plist;
				LD_RUNPATH_SEARCH_PATHS = "$(inherited) @executable_path/Frameworks @loader_path/Frameworks";
				PRODUCT_BUNDLE_IDENTIFIER = com.wirasetiawan29.LBWebPdfViewerUITests;
				PRODUCT_NAME = "$(TARGET_NAME)";
				TEST_TARGET_NAME = LBWebPdfViewer;
			};
			name = Release;
		};
/* End XCBuildConfiguration section */

/* Begin XCConfigurationList section */
		53A3C8F11DAB756A0072B05E /* Build configuration list for PBXProject "LBWebPdfViewer" */ = {
			isa = XCConfigurationList;
			buildConfigurations = (
				53A3C91C1DAB756A0072B05E /* Debug */,
				53A3C91D1DAB756A0072B05E /* Release */,
			);
			defaultConfigurationIsVisible = 0;
			defaultConfigurationName = Release;
		};
		53A3C91E1DAB756A0072B05E /* Build configuration list for PBXNativeTarget "LBWebPdfViewer" */ = {
			isa = XCConfigurationList;
			buildConfigurations = (
				53A3C91F1DAB756A0072B05E /* Debug */,
				53A3C9201DAB756A0072B05E /* Release */,
			);
			defaultConfigurationIsVisible = 0;
		};
		53A3C9211DAB756A0072B05E /* Build configuration list for PBXNativeTarget "LBWebPdfViewerTests" */ = {
			isa = XCConfigurationList;
			buildConfigurations = (
				53A3C9221DAB756A0072B05E /* Debug */,
				53A3C9231DAB756A0072B05E /* Release */,
			);
			defaultConfigurationIsVisible = 0;
		};
		53A3C9241DAB756A0072B05E /* Build configuration list for PBXNativeTarget "LBWebPdfViewerUITests" */ = {
			isa = XCConfigurationList;
			buildConfigurations = (
				53A3C9251DAB756A0072B05E /* Debug */,
				53A3C9261DAB756A0072B05E /* Release */,
			);
			defaultConfigurationIsVisible = 0;
		};
/* End XCConfigurationList section */
	};
	rootObject = 53A3C8EE1DAB756A0072B05E /* Project object */;
}
