// !$*UTF8*$!
{
	archiveVersion = 1;
	classes = {
	};
	objectVersion = 46;
	objects = {

/* Begin PBXBuildFile section */
		532A11811DB463810075FA39 /* AppDelegate.swift in Sources */ = {isa = PBXBuildFile; fileRef = 532A11801DB463810075FA39 /* AppDelegate.swift */; };
		532A11831DB463810075FA39 /* ViewController.swift in Sources */ = {isa = PBXBuildFile; fileRef = 532A11821DB463810075FA39 /* ViewController.swift */; };
		532A11861DB463810075FA39 /* Main.storyboard in Resources */ = {isa = PBXBuildFile; fileRef = 532A11841DB463810075FA39 /* Main.storyboard */; };
		532A11881DB463810075FA39 /* Assets.xcassets in Resources */ = {isa = PBXBuildFile; fileRef = 532A11871DB463810075FA39 /* Assets.xcassets */; };
		532A118B1DB463810075FA39 /* LaunchScreen.storyboard in Resources */ = {isa = PBXBuildFile; fileRef = 532A11891DB463810075FA39 /* LaunchScreen.storyboard */; };
		532A11961DB463810075FA39 /* LBLoadingTests.swift in Sources */ = {isa = PBXBuildFile; fileRef = 532A11951DB463810075FA39 /* LBLoadingTests.swift */; };
		532A11A11DB463810075FA39 /* LBLoadingUITests.swift in Sources */ = {isa = PBXBuildFile; fileRef = 532A11A01DB463810075FA39 /* LBLoadingUITests.swift */; };
/* End PBXBuildFile section */

/* Begin PBXContainerItemProxy section */
		532A11921DB463810075FA39 /* PBXContainerItemProxy */ = {
			isa = PBXContainerItemProxy;
			containerPortal = 532A11751DB463810075FA39 /* Project object */;
			proxyType = 1;
			remoteGlobalIDString = 532A117C1DB463810075FA39;
			remoteInfo = LBLoading;
		};
		532A119D1DB463810075FA39 /* PBXContainerItemProxy */ = {
			isa = PBXContainerItemProxy;
			containerPortal = 532A11751DB463810075FA39 /* Project object */;
			proxyType = 1;
			remoteGlobalIDString = 532A117C1DB463810075FA39;
			remoteInfo = LBLoading;
		};
/* End PBXContainerItemProxy section */

/* Begin PBXFileReference section */
		532A117D1DB463810075FA39 /* LBLoading.app */ = {isa = PBXFileReference; explicitFileType = wrapper.application; includeInIndex = 0; path = LBLoading.app; sourceTree = BUILT_PRODUCTS_DIR; };
		532A11801DB463810075FA39 /* AppDelegate.swift */ = {isa = PBXFileReference; lastKnownFileType = sourcecode.swift; path = AppDelegate.swift; sourceTree = "<group>"; };
		532A11821DB463810075FA39 /* ViewController.swift */ = {isa = PBXFileReference; lastKnownFileType = sourcecode.swift; path = ViewController.swift; sourceTree = "<group>"; };
		532A11851DB463810075FA39 /* Base */ = {isa = PBXFileReference; lastKnownFileType = file.storyboard; name = Base; path = Base.lproj/Main.storyboard; sourceTree = "<group>"; };
		532A11871DB463810075FA39 /* Assets.xcassets */ = {isa = PBXFileReference; lastKnownFileType = folder.assetcatalog; path = Assets.xcassets; sourceTree = "<group>"; };
		532A118A1DB463810075FA39 /* Base */ = {isa = PBXFileReference; lastKnownFileType = file.storyboard; name = Base; path = Base.lproj/LaunchScreen.storyboard; sourceTree = "<group>"; };
		532A118C1DB463810075FA39 /* Info.plist */ = {isa = PBXFileReference; lastKnownFileType = text.plist.xml; path = Info.plist; sourceTree = "<group>"; };
		532A11911DB463810075FA39 /* LBLoadingTests.xctest */ = {isa = PBXFileReference; explicitFileType = wrapper.cfbundle; includeInIndex = 0; path = LBLoadingTests.xctest; sourceTree = BUILT_PRODUCTS_DIR; };
		532A11951DB463810075FA39 /* LBLoadingTests.swift */ = {isa = PBXFileReference; lastKnownFileType = sourcecode.swift; path = LBLoadingTests.swift; sourceTree = "<group>"; };
		532A11971DB463810075FA39 /* Info.plist */ = {isa = PBXFileReference; lastKnownFileType = text.plist.xml; path = Info.plist; sourceTree = "<group>"; };
		532A119C1DB463810075FA39 /* LBLoadingUITests.xctest */ = {isa = PBXFileReference; explicitFileType = wrapper.cfbundle; includeInIndex = 0; path = LBLoadingUITests.xctest; sourceTree = BUILT_PRODUCTS_DIR; };
		532A11A01DB463810075FA39 /* LBLoadingUITests.swift */ = {isa = PBXFileReference; lastKnownFileType = sourcecode.swift; path = LBLoadingUITests.swift; sourceTree = "<group>"; };
		532A11A21DB463810075FA39 /* Info.plist */ = {isa = PBXFileReference; lastKnownFileType = text.plist.xml; path = Info.plist; sourceTree = "<group>"; };
/* End PBXFileReference section */

/* Begin PBXFrameworksBuildPhase section */
		532A117A1DB463810075FA39 /* Frameworks */ = {
			isa = PBXFrameworksBuildPhase;
			buildActionMask = 2147483647;
			files = (
			);
			runOnlyForDeploymentPostprocessing = 0;
		};
		532A118E1DB463810075FA39 /* Frameworks */ = {
			isa = PBXFrameworksBuildPhase;
			buildActionMask = 2147483647;
			files = (
			);
			runOnlyForDeploymentPostprocessing = 0;
		};
		532A11991DB463810075FA39 /* Frameworks */ = {
			isa = PBXFrameworksBuildPhase;
			buildActionMask = 2147483647;
			files = (
			);
			runOnlyForDeploymentPostprocessing = 0;
		};
/* End PBXFrameworksBuildPhase section */

/* Begin PBXGroup section */
		532A11741DB463810075FA39 = {
			isa = PBXGroup;
			children = (
				532A117F1DB463810075FA39 /* LBLoading */,
				532A11941DB463810075FA39 /* LBLoadingTests */,
				532A119F1DB463810075FA39 /* LBLoadingUITests */,
				532A117E1DB463810075FA39 /* Products */,
			);
			sourceTree = "<group>";
		};
		532A117E1DB463810075FA39 /* Products */ = {
			isa = PBXGroup;
			children = (
				532A117D1DB463810075FA39 /* LBLoading.app */,
				532A11911DB463810075FA39 /* LBLoadingTests.xctest */,
				532A119C1DB463810075FA39 /* LBLoadingUITests.xctest */,
			);
			name = Products;
			sourceTree = "<group>";
		};
		532A117F1DB463810075FA39 /* LBLoading */ = {
			isa = PBXGroup;
			children = (
				532A11801DB463810075FA39 /* AppDelegate.swift */,
				532A11821DB463810075FA39 /* ViewController.swift */,
				532A11841DB463810075FA39 /* Main.storyboard */,
				532A11871DB463810075FA39 /* Assets.xcassets */,
				532A11891DB463810075FA39 /* LaunchScreen.storyboard */,
				532A118C1DB463810075FA39 /* Info.plist */,
			);
			path = LBLoading;
			sourceTree = "<group>";
		};
		532A11941DB463810075FA39 /* LBLoadingTests */ = {
			isa = PBXGroup;
			children = (
				532A11951DB463810075FA39 /* LBLoadingTests.swift */,
				532A11971DB463810075FA39 /* Info.plist */,
			);
			path = LBLoadingTests;
			sourceTree = "<group>";
		};
		532A119F1DB463810075FA39 /* LBLoadingUITests */ = {
			isa = PBXGroup;
			children = (
				532A11A01DB463810075FA39 /* LBLoadingUITests.swift */,
				532A11A21DB463810075FA39 /* Info.plist */,
			);
			path = LBLoadingUITests;
			sourceTree = "<group>";
		};
/* End PBXGroup section */

/* Begin PBXNativeTarget section */
		532A117C1DB463810075FA39 /* LBLoading */ = {
			isa = PBXNativeTarget;
			buildConfigurationList = 532A11A51DB463810075FA39 /* Build configuration list for PBXNativeTarget "LBLoading" */;
			buildPhases = (
				532A11791DB463810075FA39 /* Sources */,
				532A117A1DB463810075FA39 /* Frameworks */,
				532A117B1DB463810075FA39 /* Resources */,
			);
			buildRules = (
			);
			dependencies = (
			);
			name = LBLoading;
			productName = LBLoading;
			productReference = 532A117D1DB463810075FA39 /* LBLoading.app */;
			productType = "com.apple.product-type.application";
		};
		532A11901DB463810075FA39 /* LBLoadingTests */ = {
			isa = PBXNativeTarget;
			buildConfigurationList = 532A11A81DB463810075FA39 /* Build configuration list for PBXNativeTarget "LBLoadingTests" */;
			buildPhases = (
				532A118D1DB463810075FA39 /* Sources */,
				532A118E1DB463810075FA39 /* Frameworks */,
				532A118F1DB463810075FA39 /* Resources */,
			);
			buildRules = (
			);
			dependencies = (
				532A11931DB463810075FA39 /* PBXTargetDependency */,
			);
			name = LBLoadingTests;
			productName = LBLoadingTests;
			productReference = 532A11911DB463810075FA39 /* LBLoadingTests.xctest */;
			productType = "com.apple.product-type.bundle.unit-test";
		};
		532A119B1DB463810075FA39 /* LBLoadingUITests */ = {
			isa = PBXNativeTarget;
			buildConfigurationList = 532A11AB1DB463810075FA39 /* Build configuration list for PBXNativeTarget "LBLoadingUITests" */;
			buildPhases = (
				532A11981DB463810075FA39 /* Sources */,
				532A11991DB463810075FA39 /* Frameworks */,
				532A119A1DB463810075FA39 /* Resources */,
			);
			buildRules = (
			);
			dependencies = (
				532A119E1DB463810075FA39 /* PBXTargetDependency */,
			);
			name = LBLoadingUITests;
			productName = LBLoadingUITests;
			productReference = 532A119C1DB463810075FA39 /* LBLoadingUITests.xctest */;
			productType = "com.apple.product-type.bundle.ui-testing";
		};
/* End PBXNativeTarget section */

/* Begin PBXProject section */
		532A11751DB463810075FA39 /* Project object */ = {
			isa = PBXProject;
			attributes = {
				LastSwiftUpdateCheck = 0730;
				LastUpgradeCheck = 0730;
				ORGANIZATIONNAME = Wira;
				TargetAttributes = {
					532A117C1DB463810075FA39 = {
						CreatedOnToolsVersion = 7.3.1;
						DevelopmentTeam = V8T9QUN6LP;
					};
					532A11901DB463810075FA39 = {
						CreatedOnToolsVersion = 7.3.1;
						DevelopmentTeam = V8T9QUN6LP;
						TestTargetID = 532A117C1DB463810075FA39;
					};
					532A119B1DB463810075FA39 = {
						CreatedOnToolsVersion = 7.3.1;
						DevelopmentTeam = V8T9QUN6LP;
						TestTargetID = 532A117C1DB463810075FA39;
					};
				};
			};
			buildConfigurationList = 532A11781DB463810075FA39 /* Build configuration list for PBXProject "LBLoading" */;
			compatibilityVersion = "Xcode 3.2";
			developmentRegion = English;
			hasScannedForEncodings = 0;
			knownRegions = (
				en,
				Base,
			);
			mainGroup = 532A11741DB463810075FA39;
			productRefGroup = 532A117E1DB463810075FA39 /* Products */;
			projectDirPath = "";
			projectRoot = "";
			targets = (
				532A117C1DB463810075FA39 /* LBLoading */,
				532A11901DB463810075FA39 /* LBLoadingTests */,
				532A119B1DB463810075FA39 /* LBLoadingUITests */,
			);
		};
/* End PBXProject section */

/* Begin PBXResourcesBuildPhase section */
		532A117B1DB463810075FA39 /* Resources */ = {
			isa = PBXResourcesBuildPhase;
			buildActionMask = 2147483647;
			files = (
				532A118B1DB463810075FA39 /* LaunchScreen.storyboard in Resources */,
				532A11881DB463810075FA39 /* Assets.xcassets in Resources */,
				532A11861DB463810075FA39 /* Main.storyboard in Resources */,
			);
			runOnlyForDeploymentPostprocessing = 0;
		};
		532A118F1DB463810075FA39 /* Resources */ = {
			isa = PBXResourcesBuildPhase;
			buildActionMask = 2147483647;
			files = (
			);
			runOnlyForDeploymentPostprocessing = 0;
		};
		532A119A1DB463810075FA39 /* Resources */ = {
			isa = PBXResourcesBuildPhase;
			buildActionMask = 2147483647;
			files = (
			);
			runOnlyForDeploymentPostprocessing = 0;
		};
/* End PBXResourcesBuildPhase section */

/* Begin PBXSourcesBuildPhase section */
		532A11791DB463810075FA39 /* Sources */ = {
			isa = PBXSourcesBuildPhase;
			buildActionMask = 2147483647;
			files = (
				532A11831DB463810075FA39 /* ViewController.swift in Sources */,
				532A11811DB463810075FA39 /* AppDelegate.swift in Sources */,
			);
			runOnlyForDeploymentPostprocessing = 0;
		};
		532A118D1DB463810075FA39 /* Sources */ = {
			isa = PBXSourcesBuildPhase;
			buildActionMask = 2147483647;
			files = (
				532A11961DB463810075FA39 /* LBLoadingTests.swift in Sources */,
			);
			runOnlyForDeploymentPostprocessing = 0;
		};
		532A11981DB463810075FA39 /* Sources */ = {
			isa = PBXSourcesBuildPhase;
			buildActionMask = 2147483647;
			files = (
				532A11A11DB463810075FA39 /* LBLoadingUITests.swift in Sources */,
			);
			runOnlyForDeploymentPostprocessing = 0;
		};
/* End PBXSourcesBuildPhase section */

/* Begin PBXTargetDependency section */
		532A11931DB463810075FA39 /* PBXTargetDependency */ = {
			isa = PBXTargetDependency;
			target = 532A117C1DB463810075FA39 /* LBLoading */;
			targetProxy = 532A11921DB463810075FA39 /* PBXContainerItemProxy */;
		};
		532A119E1DB463810075FA39 /* PBXTargetDependency */ = {
			isa = PBXTargetDependency;
			target = 532A117C1DB463810075FA39 /* LBLoading */;
			targetProxy = 532A119D1DB463810075FA39 /* PBXContainerItemProxy */;
		};
/* End PBXTargetDependency section */

/* Begin PBXVariantGroup section */
		532A11841DB463810075FA39 /* Main.storyboard */ = {
			isa = PBXVariantGroup;
			children = (
				532A11851DB463810075FA39 /* Base */,
			);
			name = Main.storyboard;
			sourceTree = "<group>";
		};
		532A11891DB463810075FA39 /* LaunchScreen.storyboard */ = {
			isa = PBXVariantGroup;
			children = (
				532A118A1DB463810075FA39 /* Base */,
			);
			name = LaunchScreen.storyboard;
			sourceTree = "<group>";
		};
/* End PBXVariantGroup section */

/* Begin XCBuildConfiguration section */
		532A11A31DB463810075FA39 /* Debug */ = {
			isa = XCBuildConfiguration;
			buildSettings = {
				ALWAYS_SEARCH_USER_PATHS = NO;
				CLANG_ANALYZER_NONNULL = YES;
				CLANG_CXX_LANGUAGE_STANDARD = "gnu++0x";
				CLANG_CXX_LIBRARY = "libc++";
				CLANG_ENABLE_MODULES = YES;
				CLANG_ENABLE_OBJC_ARC = YES;
				CLANG_WARN_BOOL_CONVERSION = YES;
				CLANG_WARN_CONSTANT_CONVERSION = YES;
				CLANG_WARN_DIRECT_OBJC_ISA_USAGE = YES_ERROR;
				CLANG_WARN_EMPTY_BODY = YES;
				CLANG_WARN_ENUM_CONVERSION = YES;
				CLANG_WARN_INT_CONVERSION = YES;
				CLANG_WARN_OBJC_ROOT_CLASS = YES_ERROR;
				CLANG_WARN_UNREACHABLE_CODE = YES;
				CLANG_WARN__DUPLICATE_METHOD_MATCH = YES;
				"CODE_SIGN_IDENTITY[sdk=iphoneos*]" = "iPhone Developer";
				COPY_PHASE_STRIP = NO;
				DEBUG_INFORMATION_FORMAT = dwarf;
				ENABLE_STRICT_OBJC_MSGSEND = YES;
				ENABLE_TESTABILITY = YES;
				GCC_C_LANGUAGE_STANDARD = gnu99;
				GCC_DYNAMIC_NO_PIC = NO;
				GCC_NO_COMMON_BLOCKS = YES;
				GCC_OPTIMIZATION_LEVEL = 0;
				GCC_PREPROCESSOR_DEFINITIONS = (
					"DEBUG=1",
					"$(inherited)",
				);
				GCC_WARN_64_TO_32_BIT_CONVERSION = YES;
				GCC_WARN_ABOUT_RETURN_TYPE = YES_ERROR;
				GCC_WARN_UNDECLARED_SELECTOR = YES;
				GCC_WARN_UNINITIALIZED_AUTOS = YES_AGGRESSIVE;
				GCC_WARN_UNUSED_FUNCTION = YES;
				GCC_WARN_UNUSED_VARIABLE = YES;
				IPHONEOS_DEPLOYMENT_TARGET = 9.3;
				MTL_ENABLE_DEBUG_INFO = YES;
				ONLY_ACTIVE_ARCH = YES;
				SDKROOT = iphoneos;
				SWIFT_OPTIMIZATION_LEVEL = "-Onone";
			};
			name = Debug;
		};
		532A11A41DB463810075FA39 /* Release */ = {
			isa = XCBuildConfiguration;
			buildSettings = {
				ALWAYS_SEARCH_USER_PATHS = NO;
				CLANG_ANALYZER_NONNULL = YES;
				CLANG_CXX_LANGUAGE_STANDARD = "gnu++0x";
				CLANG_CXX_LIBRARY = "libc++";
				CLANG_ENABLE_MODULES = YES;
				CLANG_ENABLE_OBJC_ARC = YES;
				CLANG_WARN_BOOL_CONVERSION = YES;
				CLANG_WARN_CONSTANT_CONVERSION = YES;
				CLANG_WARN_DIRECT_OBJC_ISA_USAGE = YES_ERROR;
				CLANG_WARN_EMPTY_BODY = YES;
				CLANG_WARN_ENUM_CONVERSION = YES;
				CLANG_WARN_INT_CONVERSION = YES;
				CLANG_WARN_OBJC_ROOT_CLASS = YES_ERROR;
				CLANG_WARN_UNREACHABLE_CODE = YES;
				CLANG_WARN__DUPLICATE_METHOD_MATCH = YES;
				"CODE_SIGN_IDENTITY[sdk=iphoneos*]" = "iPhone Developer";
				COPY_PHASE_STRIP = NO;
				DEBUG_INFORMATION_FORMAT = "dwarf-with-dsym";
				ENABLE_NS_ASSERTIONS = NO;
				ENABLE_STRICT_OBJC_MSGSEND = YES;
				GCC_C_LANGUAGE_STANDARD = gnu99;
				GCC_NO_COMMON_BLOCKS = YES;
				GCC_WARN_64_TO_32_BIT_CONVERSION = YES;
				GCC_WARN_ABOUT_RETURN_TYPE = YES_ERROR;
				GCC_WARN_UNDECLARED_SELECTOR = YES;
				GCC_WARN_UNINITIALIZED_AUTOS = YES_AGGRESSIVE;
				GCC_WARN_UNUSED_FUNCTION = YES;
				GCC_WARN_UNUSED_VARIABLE = YES;
				IPHONEOS_DEPLOYMENT_TARGET = 9.3;
				MTL_ENABLE_DEBUG_INFO = NO;
				SDKROOT = iphoneos;
				VALIDATE_PRODUCT = YES;
			};
			name = Release;
		};
		532A11A61DB463810075FA39 /* Debug */ = {
			isa = XCBuildConfiguration;
			buildSettings = {
				ASSETCATALOG_COMPILER_APPICON_NAME = AppIcon;
				INFOPLIST_FILE = LBLoading/Info.plist;
				LD_RUNPATH_SEARCH_PATHS = "$(inherited) @executable_path/Frameworks";
				PRODUCT_BUNDLE_IDENTIFIER = com.jojonomic.LBLoading;
				PRODUCT_NAME = "$(TARGET_NAME)";
			};
			name = Debug;
		};
		532A11A71DB463810075FA39 /* Release */ = {
			isa = XCBuildConfiguration;
			buildSettings = {
				ASSETCATALOG_COMPILER_APPICON_NAME = AppIcon;
				INFOPLIST_FILE = LBLoading/Info.plist;
				LD_RUNPATH_SEARCH_PATHS = "$(inherited) @executable_path/Frameworks";
				PRODUCT_BUNDLE_IDENTIFIER = com.jojonomic.LBLoading;
				PRODUCT_NAME = "$(TARGET_NAME)";
			};
			name = Release;
		};
		532A11A91DB463810075FA39 /* Debug */ = {
			isa = XCBuildConfiguration;
			buildSettings = {
				BUNDLE_LOADER = "$(TEST_HOST)";
				INFOPLIST_FILE = LBLoadingTests/Info.plist;
				LD_RUNPATH_SEARCH_PATHS = "$(inherited) @executable_path/Frameworks @loader_path/Frameworks";
				PRODUCT_BUNDLE_IDENTIFIER = com.jojonomic.LBLoadingTests;
				PRODUCT_NAME = "$(TARGET_NAME)";
				TEST_HOST = "$(BUILT_PRODUCTS_DIR)/LBLoading.app/LBLoading";
			};
			name = Debug;
		};
		532A11AA1DB463810075FA39 /* Release */ = {
			isa = XCBuildConfiguration;
			buildSettings = {
				BUNDLE_LOADER = "$(TEST_HOST)";
				INFOPLIST_FILE = LBLoadingTests/Info.plist;
				LD_RUNPATH_SEARCH_PATHS = "$(inherited) @executable_path/Frameworks @loader_path/Frameworks";
				PRODUCT_BUNDLE_IDENTIFIER = com.jojonomic.LBLoadingTests;
				PRODUCT_NAME = "$(TARGET_NAME)";
				TEST_HOST = "$(BUILT_PRODUCTS_DIR)/LBLoading.app/LBLoading";
			};
			name = Release;
		};
		532A11AC1DB463810075FA39 /* Debug */ = {
			isa = XCBuildConfiguration;
			buildSettings = {
				INFOPLIST_FILE = LBLoadingUITests/Info.plist;
				LD_RUNPATH_SEARCH_PATHS = "$(inherited) @executable_path/Frameworks @loader_path/Frameworks";
				PRODUCT_BUNDLE_IDENTIFIER = com.jojonomic.LBLoadingUITests;
				PRODUCT_NAME = "$(TARGET_NAME)";
				TEST_TARGET_NAME = LBLoading;
			};
			name = Debug;
		};
		532A11AD1DB463810075FA39 /* Release */ = {
			isa = XCBuildConfiguration;
			buildSettings = {
				INFOPLIST_FILE = LBLoadingUITests/Info.plist;
				LD_RUNPATH_SEARCH_PATHS = "$(inherited) @executable_path/Frameworks @loader_path/Frameworks";
				PRODUCT_BUNDLE_IDENTIFIER = com.jojonomic.LBLoadingUITests;
				PRODUCT_NAME = "$(TARGET_NAME)";
				TEST_TARGET_NAME = LBLoading;
			};
			name = Release;
		};
/* End XCBuildConfiguration section */

/* Begin XCConfigurationList section */
		532A11781DB463810075FA39 /* Build configuration list for PBXProject "LBLoading" */ = {
			isa = XCConfigurationList;
			buildConfigurations = (
				532A11A31DB463810075FA39 /* Debug */,
				532A11A41DB463810075FA39 /* Release */,
			);
			defaultConfigurationIsVisible = 0;
			defaultConfigurationName = Release;
		};
		532A11A51DB463810075FA39 /* Build configuration list for PBXNativeTarget "LBLoading" */ = {
			isa = XCConfigurationList;
			buildConfigurations = (
				532A11A61DB463810075FA39 /* Debug */,
				532A11A71DB463810075FA39 /* Release */,
			);
			defaultConfigurationIsVisible = 0;
		};
		532A11A81DB463810075FA39 /* Build configuration list for PBXNativeTarget "LBLoadingTests" */ = {
			isa = XCConfigurationList;
			buildConfigurations = (
				532A11A91DB463810075FA39 /* Debug */,
				532A11AA1DB463810075FA39 /* Release */,
			);
			defaultConfigurationIsVisible = 0;
		};
		532A11AB1DB463810075FA39 /* Build configuration list for PBXNativeTarget "LBLoadingUITests" */ = {
			isa = XCConfigurationList;
			buildConfigurations = (
				532A11AC1DB463810075FA39 /* Debug */,
				532A11AD1DB463810075FA39 /* Release */,
			);
			defaultConfigurationIsVisible = 0;
		};
/* End XCConfigurationList section */
	};
	rootObject = 532A11751DB463810075FA39 /* Project object */;
}
